// !$*UTF8*$!
{
	archiveVersion = 1;
	classes = {
	};
	objectVersion = 46;
	objects = {

/* Begin PBXBuildFile section */
		4F9AA9461ADC34E5004438EC /* main.m in Sources */ = {isa = PBXBuildFile; fileRef = 4F9AA9451ADC34E5004438EC /* main.m */; };
		4F9AA9491ADC34E5004438EC /* AppDelegate.m in Sources */ = {isa = PBXBuildFile; fileRef = 4F9AA9481ADC34E5004438EC /* AppDelegate.m */; };
		4F9AA94C1ADC34E5004438EC /* ViewController.m in Sources */ = {isa = PBXBuildFile; fileRef = 4F9AA94B1ADC34E5004438EC /* ViewController.m */; };
		4F9AA94F1ADC34E5004438EC /* Main.storyboard in Resources */ = {isa = PBXBuildFile; fileRef = 4F9AA94D1ADC34E5004438EC /* Main.storyboard */; };
		4F9AA9511ADC34E5004438EC /* Images.xcassets in Resources */ = {isa = PBXBuildFile; fileRef = 4F9AA9501ADC34E5004438EC /* Images.xcassets */; };
		4F9AA9541ADC34E5004438EC /* LaunchScreen.xib in Resources */ = {isa = PBXBuildFile; fileRef = 4F9AA9521ADC34E5004438EC /* LaunchScreen.xib */; };
		4F9AA9601ADC34E5004438EC /* AppContainerTests.m in Sources */ = {isa = PBXBuildFile; fileRef = 4F9AA95F1ADC34E5004438EC /* AppContainerTests.m */; };
		4F9AA96E1ADC3742004438EC /* SPRComponent.m in Sources */ = {isa = PBXBuildFile; fileRef = 4F9AA96D1ADC3742004438EC /* SPRComponent.m */; };
		4F9AA9711ADC3914004438EC /* FieldComponent.m in Sources */ = {isa = PBXBuildFile; fileRef = 4F9AA9701ADC3914004438EC /* FieldComponent.m */; };
		4F9AA9751ADC422D004438EC /* TextFieldComponent.m in Sources */ = {isa = PBXBuildFile; fileRef = 4F9AA9741ADC422D004438EC /* TextFieldComponent.m */; };
		4F9AA9781ADC425D004438EC /* LabelFieldComponent.m in Sources */ = {isa = PBXBuildFile; fileRef = 4F9AA9771ADC425D004438EC /* LabelFieldComponent.m */; };
		4F9AA97B1ADC427C004438EC /* ButtonFieldComponent.m in Sources */ = {isa = PBXBuildFile; fileRef = 4F9AA97A1ADC427C004438EC /* ButtonFieldComponent.m */; };
		4F9AA97E1ADC4AED004438EC /* XMLMapper.m in Sources */ = {isa = PBXBuildFile; fileRef = 4F9AA97D1ADC4AED004438EC /* XMLMapper.m */; };
		4F9AA9811ADC50A8004438EC /* SPRFormBuilder.m in Sources */ = {isa = PBXBuildFile; fileRef = 4F9AA9801ADC50A8004438EC /* SPRFormBuilder.m */; };
		5959EE6E785F6BCF02FF8AB2 /* libPods.a in Frameworks */ = {isa = PBXBuildFile; fileRef = 24C3763214EF424A0BD9588C /* libPods.a */; };
/* End PBXBuildFile section */

/* Begin PBXContainerItemProxy section */
		4F9AA95A1ADC34E5004438EC /* PBXContainerItemProxy */ = {
			isa = PBXContainerItemProxy;
			containerPortal = 4F9AA9381ADC34E5004438EC /* Project object */;
			proxyType = 1;
			remoteGlobalIDString = 4F9AA93F1ADC34E5004438EC;
			remoteInfo = AppContainer;
		};
/* End PBXContainerItemProxy section */

/* Begin PBXFileReference section */
		24C3763214EF424A0BD9588C /* libPods.a */ = {isa = PBXFileReference; explicitFileType = archive.ar; includeInIndex = 0; path = libPods.a; sourceTree = BUILT_PRODUCTS_DIR; };
		29E4659092B82FDF263E6621 /* Pods.release.xcconfig */ = {isa = PBXFileReference; includeInIndex = 1; lastKnownFileType = text.xcconfig; name = Pods.release.xcconfig; path = "Pods/Target Support Files/Pods/Pods.release.xcconfig"; sourceTree = "<group>"; };
		3D759B72157F0A8DC038497C /* Pods.debug.xcconfig */ = {isa = PBXFileReference; includeInIndex = 1; lastKnownFileType = text.xcconfig; name = Pods.debug.xcconfig; path = "Pods/Target Support Files/Pods/Pods.debug.xcconfig"; sourceTree = "<group>"; };
		4F39E9471ADD8ADF00F8136E /* Mapper.h */ = {isa = PBXFileReference; fileEncoding = 4; lastKnownFileType = sourcecode.c.h; path = Mapper.h; sourceTree = "<group>"; };
		4F9AA9401ADC34E5004438EC /* AppContainer.app */ = {isa = PBXFileReference; explicitFileType = wrapper.application; includeInIndex = 0; path = AppContainer.app; sourceTree = BUILT_PRODUCTS_DIR; };
		4F9AA9441ADC34E5004438EC /* Info.plist */ = {isa = PBXFileReference; lastKnownFileType = text.plist.xml; path = Info.plist; sourceTree = "<group>"; };
		4F9AA9451ADC34E5004438EC /* main.m */ = {isa = PBXFileReference; lastKnownFileType = sourcecode.c.objc; path = main.m; sourceTree = "<group>"; };
		4F9AA9471ADC34E5004438EC /* AppDelegate.h */ = {isa = PBXFileReference; lastKnownFileType = sourcecode.c.h; path = AppDelegate.h; sourceTree = "<group>"; };
		4F9AA9481ADC34E5004438EC /* AppDelegate.m */ = {isa = PBXFileReference; lastKnownFileType = sourcecode.c.objc; path = AppDelegate.m; sourceTree = "<group>"; };
		4F9AA94A1ADC34E5004438EC /* ViewController.h */ = {isa = PBXFileReference; lastKnownFileType = sourcecode.c.h; path = ViewController.h; sourceTree = "<group>"; };
		4F9AA94B1ADC34E5004438EC /* ViewController.m */ = {isa = PBXFileReference; lastKnownFileType = sourcecode.c.objc; path = ViewController.m; sourceTree = "<group>"; };
		4F9AA94E1ADC34E5004438EC /* Base */ = {isa = PBXFileReference; lastKnownFileType = file.storyboard; name = Base; path = Base.lproj/Main.storyboard; sourceTree = "<group>"; };
		4F9AA9501ADC34E5004438EC /* Images.xcassets */ = {isa = PBXFileReference; lastKnownFileType = folder.assetcatalog; path = Images.xcassets; sourceTree = "<group>"; };
		4F9AA9531ADC34E5004438EC /* Base */ = {isa = PBXFileReference; lastKnownFileType = file.xib; name = Base; path = Base.lproj/LaunchScreen.xib; sourceTree = "<group>"; };
		4F9AA9591ADC34E5004438EC /* AppContainerTests.xctest */ = {isa = PBXFileReference; explicitFileType = wrapper.cfbundle; includeInIndex = 0; path = AppContainerTests.xctest; sourceTree = BUILT_PRODUCTS_DIR; };
		4F9AA95E1ADC34E5004438EC /* Info.plist */ = {isa = PBXFileReference; lastKnownFileType = text.plist.xml; path = Info.plist; sourceTree = "<group>"; };
		4F9AA95F1ADC34E5004438EC /* AppContainerTests.m */ = {isa = PBXFileReference; lastKnownFileType = sourcecode.c.objc; path = AppContainerTests.m; sourceTree = "<group>"; };
		4F9AA96C1ADC3742004438EC /* SPRComponent.h */ = {isa = PBXFileReference; fileEncoding = 4; lastKnownFileType = sourcecode.c.h; path = SPRComponent.h; sourceTree = "<group>"; };
		4F9AA96D1ADC3742004438EC /* SPRComponent.m */ = {isa = PBXFileReference; fileEncoding = 4; lastKnownFileType = sourcecode.c.objc; path = SPRComponent.m; sourceTree = "<group>"; };
		4F9AA96F1ADC3914004438EC /* FieldComponent.h */ = {isa = PBXFileReference; fileEncoding = 4; lastKnownFileType = sourcecode.c.h; path = FieldComponent.h; sourceTree = "<group>"; };
		4F9AA9701ADC3914004438EC /* FieldComponent.m */ = {isa = PBXFileReference; fileEncoding = 4; lastKnownFileType = sourcecode.c.objc; path = FieldComponent.m; sourceTree = "<group>"; };
		4F9AA9721ADC3B48004438EC /* SPRComponentProtocol.h */ = {isa = PBXFileReference; fileEncoding = 4; lastKnownFileType = sourcecode.c.h; path = SPRComponentProtocol.h; sourceTree = "<group>"; };
		4F9AA9731ADC422D004438EC /* TextFieldComponent.h */ = {isa = PBXFileReference; fileEncoding = 4; lastKnownFileType = sourcecode.c.h; path = TextFieldComponent.h; sourceTree = "<group>"; };
		4F9AA9741ADC422D004438EC /* TextFieldComponent.m */ = {isa = PBXFileReference; fileEncoding = 4; lastKnownFileType = sourcecode.c.objc; path = TextFieldComponent.m; sourceTree = "<group>"; };
		4F9AA9761ADC425D004438EC /* LabelFieldComponent.h */ = {isa = PBXFileReference; fileEncoding = 4; lastKnownFileType = sourcecode.c.h; path = LabelFieldComponent.h; sourceTree = "<group>"; };
		4F9AA9771ADC425D004438EC /* LabelFieldComponent.m */ = {isa = PBXFileReference; fileEncoding = 4; lastKnownFileType = sourcecode.c.objc; path = LabelFieldComponent.m; sourceTree = "<group>"; };
		4F9AA9791ADC427C004438EC /* ButtonFieldComponent.h */ = {isa = PBXFileReference; fileEncoding = 4; lastKnownFileType = sourcecode.c.h; path = ButtonFieldComponent.h; sourceTree = "<group>"; };
		4F9AA97A1ADC427C004438EC /* ButtonFieldComponent.m */ = {isa = PBXFileReference; fileEncoding = 4; lastKnownFileType = sourcecode.c.objc; path = ButtonFieldComponent.m; sourceTree = "<group>"; };
		4F9AA97C1ADC4AED004438EC /* XMLMapper.h */ = {isa = PBXFileReference; fileEncoding = 4; lastKnownFileType = sourcecode.c.h; path = XMLMapper.h; sourceTree = "<group>"; };
		4F9AA97D1ADC4AED004438EC /* XMLMapper.m */ = {isa = PBXFileReference; fileEncoding = 4; lastKnownFileType = sourcecode.c.objc; path = XMLMapper.m; sourceTree = "<group>"; };
		4F9AA97F1ADC50A8004438EC /* SPRFormBuilder.h */ = {isa = PBXFileReference; fileEncoding = 4; lastKnownFileType = sourcecode.c.h; path = SPRFormBuilder.h; sourceTree = "<group>"; };
		4F9AA9801ADC50A8004438EC /* SPRFormBuilder.m */ = {isa = PBXFileReference; fileEncoding = 4; lastKnownFileType = sourcecode.c.objc; path = SPRFormBuilder.m; sourceTree = "<group>"; };
/* End PBXFileReference section */

/* Begin PBXFrameworksBuildPhase section */
		4F9AA93D1ADC34E5004438EC /* Frameworks */ = {
			isa = PBXFrameworksBuildPhase;
			buildActionMask = 2147483647;
			files = (
				5959EE6E785F6BCF02FF8AB2 /* libPods.a in Frameworks */,
			);
			runOnlyForDeploymentPostprocessing = 0;
		};
		4F9AA9561ADC34E5004438EC /* Frameworks */ = {
			isa = PBXFrameworksBuildPhase;
			buildActionMask = 2147483647;
			files = (
			);
			runOnlyForDeploymentPostprocessing = 0;
		};
/* End PBXFrameworksBuildPhase section */

/* Begin PBXGroup section */
		4F9AA9371ADC34E5004438EC = {
			isa = PBXGroup;
			children = (
				4F9AA9421ADC34E5004438EC /* AppContainer */,
				4F9AA95C1ADC34E5004438EC /* AppContainerTests */,
				4F9AA9411ADC34E5004438EC /* Products */,
				F009400DA296704AC482E0DF /* Pods */,
				AFF08AB60B94202F8323384E /* Frameworks */,
			);
			sourceTree = "<group>";
		};
		4F9AA9411ADC34E5004438EC /* Products */ = {
			isa = PBXGroup;
			children = (
				4F9AA9401ADC34E5004438EC /* AppContainer.app */,
				4F9AA9591ADC34E5004438EC /* AppContainerTests.xctest */,
			);
			name = Products;
			sourceTree = "<group>";
		};
		4F9AA9421ADC34E5004438EC /* AppContainer */ = {
			isa = PBXGroup;
			children = (
				4F9AA9471ADC34E5004438EC /* AppDelegate.h */,
				4F9AA9481ADC34E5004438EC /* AppDelegate.m */,
				4F9AA94A1ADC34E5004438EC /* ViewController.h */,
				4F9AA94B1ADC34E5004438EC /* ViewController.m */,
				4F9AA94D1ADC34E5004438EC /* Main.storyboard */,
				4F9AA9501ADC34E5004438EC /* Images.xcassets */,
				4F9AA9521ADC34E5004438EC /* LaunchScreen.xib */,
				4F9AA9431ADC34E5004438EC /* Supporting Files */,
				4F9AA96C1ADC3742004438EC /* SPRComponent.h */,
				4F9AA96D1ADC3742004438EC /* SPRComponent.m */,
				4F9AA96F1ADC3914004438EC /* FieldComponent.h */,
				4F9AA9701ADC3914004438EC /* FieldComponent.m */,
				4F9AA9731ADC422D004438EC /* TextFieldComponent.h */,
				4F9AA9741ADC422D004438EC /* TextFieldComponent.m */,
				4F9AA9761ADC425D004438EC /* LabelFieldComponent.h */,
				4F9AA9771ADC425D004438EC /* LabelFieldComponent.m */,
				4F9AA9791ADC427C004438EC /* ButtonFieldComponent.h */,
				4F9AA97A1ADC427C004438EC /* ButtonFieldComponent.m */,
				4F9AA97C1ADC4AED004438EC /* XMLMapper.h */,
				4F9AA97D1ADC4AED004438EC /* XMLMapper.m */,
				4F9AA97F1ADC50A8004438EC /* SPRFormBuilder.h */,
				4F9AA9801ADC50A8004438EC /* SPRFormBuilder.m */,
				4F9AA9721ADC3B48004438EC /* SPRComponentProtocol.h */,
				4F39E9471ADD8ADF00F8136E /* Mapper.h */,
			);
			path = AppContainer;
			sourceTree = "<group>";
		};
		4F9AA9431ADC34E5004438EC /* Supporting Files */ = {
			isa = PBXGroup;
			children = (
				4F9AA9441ADC34E5004438EC /* Info.plist */,
				4F9AA9451ADC34E5004438EC /* main.m */,
			);
			name = "Supporting Files";
			sourceTree = "<group>";
		};
		4F9AA95C1ADC34E5004438EC /* AppContainerTests */ = {
			isa = PBXGroup;
			children = (
				4F9AA95F1ADC34E5004438EC /* AppContainerTests.m */,
				4F9AA95D1ADC34E5004438EC /* Supporting Files */,
			);
			path = AppContainerTests;
			sourceTree = "<group>";
		};
		4F9AA95D1ADC34E5004438EC /* Supporting Files */ = {
			isa = PBXGroup;
			children = (
				4F9AA95E1ADC34E5004438EC /* Info.plist */,
			);
			name = "Supporting Files";
			sourceTree = "<group>";
		};
		AFF08AB60B94202F8323384E /* Frameworks */ = {
			isa = PBXGroup;
			children = (
				24C3763214EF424A0BD9588C /* libPods.a */,
			);
			name = Frameworks;
			sourceTree = "<group>";
		};
		F009400DA296704AC482E0DF /* Pods */ = {
			isa = PBXGroup;
			children = (
				3D759B72157F0A8DC038497C /* Pods.debug.xcconfig */,
				29E4659092B82FDF263E6621 /* Pods.release.xcconfig */,
			);
			name = Pods;
			sourceTree = "<group>";
		};
/* End PBXGroup section */

/* Begin PBXNativeTarget section */
		4F9AA93F1ADC34E5004438EC /* AppContainer */ = {
			isa = PBXNativeTarget;
			buildConfigurationList = 4F9AA9631ADC34E5004438EC /* Build configuration list for PBXNativeTarget "AppContainer" */;
			buildPhases = (
				D859903CC8A020EB5AA66951 /* Check Pods Manifest.lock */,
				4F9AA93C1ADC34E5004438EC /* Sources */,
				4F9AA93D1ADC34E5004438EC /* Frameworks */,
				4F9AA93E1ADC34E5004438EC /* Resources */,
				AF76DBD90C09B22217190469 /* Copy Pods Resources */,
			);
			buildRules = (
			);
			dependencies = (
			);
			name = AppContainer;
			productName = AppContainer;
			productReference = 4F9AA9401ADC34E5004438EC /* AppContainer.app */;
			productType = "com.apple.product-type.application";
		};
		4F9AA9581ADC34E5004438EC /* AppContainerTests */ = {
			isa = PBXNativeTarget;
			buildConfigurationList = 4F9AA9661ADC34E5004438EC /* Build configuration list for PBXNativeTarget "AppContainerTests" */;
			buildPhases = (
				4F9AA9551ADC34E5004438EC /* Sources */,
				4F9AA9561ADC34E5004438EC /* Frameworks */,
				4F9AA9571ADC34E5004438EC /* Resources */,
			);
			buildRules = (
			);
			dependencies = (
				4F9AA95B1ADC34E5004438EC /* PBXTargetDependency */,
			);
			name = AppContainerTests;
			productName = AppContainerTests;
			productReference = 4F9AA9591ADC34E5004438EC /* AppContainerTests.xctest */;
			productType = "com.apple.product-type.bundle.unit-test";
		};
/* End PBXNativeTarget section */

/* Begin PBXProject section */
		4F9AA9381ADC34E5004438EC /* Project object */ = {
			isa = PBXProject;
			attributes = {
				LastUpgradeCheck = 0630;
				ORGANIZATIONNAME = "Urvashi Gupta";
				TargetAttributes = {
					4F9AA93F1ADC34E5004438EC = {
						CreatedOnToolsVersion = 6.3;
					};
					4F9AA9581ADC34E5004438EC = {
						CreatedOnToolsVersion = 6.3;
						TestTargetID = 4F9AA93F1ADC34E5004438EC;
					};
				};
			};
			buildConfigurationList = 4F9AA93B1ADC34E5004438EC /* Build configuration list for PBXProject "AppContainer" */;
			compatibilityVersion = "Xcode 3.2";
			developmentRegion = English;
			hasScannedForEncodings = 0;
			knownRegions = (
				en,
				Base,
			);
			mainGroup = 4F9AA9371ADC34E5004438EC;
			productRefGroup = 4F9AA9411ADC34E5004438EC /* Products */;
			projectDirPath = "";
			projectRoot = "";
			targets = (
				4F9AA93F1ADC34E5004438EC /* AppContainer */,
				4F9AA9581ADC34E5004438EC /* AppContainerTests */,
			);
		};
/* End PBXProject section */

/* Begin PBXResourcesBuildPhase section */
		4F9AA93E1ADC34E5004438EC /* Resources */ = {
			isa = PBXResourcesBuildPhase;
			buildActionMask = 2147483647;
			files = (
				4F9AA94F1ADC34E5004438EC /* Main.storyboard in Resources */,
				4F9AA9541ADC34E5004438EC /* LaunchScreen.xib in Resources */,
				4F9AA9511ADC34E5004438EC /* Images.xcassets in Resources */,
			);
			runOnlyForDeploymentPostprocessing = 0;
		};
		4F9AA9571ADC34E5004438EC /* Resources */ = {
			isa = PBXResourcesBuildPhase;
			buildActionMask = 2147483647;
			files = (
			);
			runOnlyForDeploymentPostprocessing = 0;
		};
/* End PBXResourcesBuildPhase section */

/* Begin PBXShellScriptBuildPhase section */
		AF76DBD90C09B22217190469 /* Copy Pods Resources */ = {
			isa = PBXShellScriptBuildPhase;
			buildActionMask = 2147483647;
			files = (
			);
			inputPaths = (
			);
			name = "Copy Pods Resources";
			outputPaths = (
			);
			runOnlyForDeploymentPostprocessing = 0;
			shellPath = /bin/sh;
			shellScript = "\"${SRCROOT}/Pods/Target Support Files/Pods/Pods-resources.sh\"\n";
			showEnvVarsInLog = 0;
		};
		D859903CC8A020EB5AA66951 /* Check Pods Manifest.lock */ = {
			isa = PBXShellScriptBuildPhase;
			buildActionMask = 2147483647;
			files = (
			);
			inputPaths = (
			);
			name = "Check Pods Manifest.lock";
			outputPaths = (
			);
			runOnlyForDeploymentPostprocessing = 0;
			shellPath = /bin/sh;
			shellScript = "diff \"${PODS_ROOT}/../Podfile.lock\" \"${PODS_ROOT}/Manifest.lock\" > /dev/null\nif [[ $? != 0 ]] ; then\n    cat << EOM\nerror: The sandbox is not in sync with the Podfile.lock. Run 'pod install' or update your CocoaPods installation.\nEOM\n    exit 1\nfi\n";
			showEnvVarsInLog = 0;
		};
/* End PBXShellScriptBuildPhase section */

/* Begin PBXSourcesBuildPhase section */
		4F9AA93C1ADC34E5004438EC /* Sources */ = {
			isa = PBXSourcesBuildPhase;
			buildActionMask = 2147483647;
			files = (
				4F9AA97B1ADC427C004438EC /* ButtonFieldComponent.m in Sources */,
				4F9AA9751ADC422D004438EC /* TextFieldComponent.m in Sources */,
				4F9AA96E1ADC3742004438EC /* SPRComponent.m in Sources */,
				4F9AA9711ADC3914004438EC /* FieldComponent.m in Sources */,
				4F9AA94C1ADC34E5004438EC /* ViewController.m in Sources */,
				4F9AA9491ADC34E5004438EC /* AppDelegate.m in Sources */,
				4F9AA9461ADC34E5004438EC /* main.m in Sources */,
				4F9AA9781ADC425D004438EC /* LabelFieldComponent.m in Sources */,
				4F9AA97E1ADC4AED004438EC /* XMLMapper.m in Sources */,
				4F9AA9811ADC50A8004438EC /* SPRFormBuilder.m in Sources */,
			);
			runOnlyForDeploymentPostprocessing = 0;
		};
		4F9AA9551ADC34E5004438EC /* Sources */ = {
			isa = PBXSourcesBuildPhase;
			buildActionMask = 2147483647;
			files = (
				4F9AA9601ADC34E5004438EC /* AppContainerTests.m in Sources */,
			);
			runOnlyForDeploymentPostprocessing = 0;
		};
/* End PBXSourcesBuildPhase section */

/* Begin PBXTargetDependency section */
		4F9AA95B1ADC34E5004438EC /* PBXTargetDependency */ = {
			isa = PBXTargetDependency;
			target = 4F9AA93F1ADC34E5004438EC /* AppContainer */;
			targetProxy = 4F9AA95A1ADC34E5004438EC /* PBXContainerItemProxy */;
		};
/* End PBXTargetDependency section */

/* Begin PBXVariantGroup section */
		4F9AA94D1ADC34E5004438EC /* Main.storyboard */ = {
			isa = PBXVariantGroup;
			children = (
				4F9AA94E1ADC34E5004438EC /* Base */,
			);
			name = Main.storyboard;
			sourceTree = "<group>";
		};
		4F9AA9521ADC34E5004438EC /* LaunchScreen.xib */ = {
			isa = PBXVariantGroup;
			children = (
				4F9AA9531ADC34E5004438EC /* Base */,
			);
			name = LaunchScreen.xib;
			sourceTree = "<group>";
		};
/* End PBXVariantGroup section */

/* Begin XCBuildConfiguration section */
		4F9AA9611ADC34E5004438EC /* Debug */ = {
			isa = XCBuildConfiguration;
			buildSettings = {
				ALWAYS_SEARCH_USER_PATHS = NO;
				CLANG_CXX_LANGUAGE_STANDARD = "gnu++0x";
				CLANG_CXX_LIBRARY = "libc++";
				CLANG_ENABLE_MODULES = YES;
				CLANG_ENABLE_OBJC_ARC = YES;
				CLANG_WARN_BOOL_CONVERSION = YES;
				CLANG_WARN_CONSTANT_CONVERSION = YES;
				CLANG_WARN_DIRECT_OBJC_ISA_USAGE = YES_ERROR;
				CLANG_WARN_EMPTY_BODY = YES;
				CLANG_WARN_ENUM_CONVERSION = YES;
				CLANG_WARN_INT_CONVERSION = YES;
				CLANG_WARN_OBJC_ROOT_CLASS = YES_ERROR;
				CLANG_WARN_UNREACHABLE_CODE = YES;
				CLANG_WARN__DUPLICATE_METHOD_MATCH = YES;
				"CODE_SIGN_IDENTITY[sdk=iphoneos*]" = "iPhone Developer";
				COPY_PHASE_STRIP = NO;
				DEBUG_INFORMATION_FORMAT = "dwarf-with-dsym";
				ENABLE_STRICT_OBJC_MSGSEND = YES;
				GCC_C_LANGUAGE_STANDARD = gnu99;
				GCC_DYNAMIC_NO_PIC = NO;
				GCC_NO_COMMON_BLOCKS = YES;
				GCC_OPTIMIZATION_LEVEL = 0;
				GCC_PREPROCESSOR_DEFINITIONS = (
					"DEBUG=1",
					"$(inherited)",
				);
				GCC_SYMBOLS_PRIVATE_EXTERN = NO;
				GCC_WARN_64_TO_32_BIT_CONVERSION = YES;
				GCC_WARN_ABOUT_RETURN_TYPE = YES_ERROR;
				GCC_WARN_UNDECLARED_SELECTOR = YES;
				GCC_WARN_UNINITIALIZED_AUTOS = YES_AGGRESSIVE;
				GCC_WARN_UNUSED_FUNCTION = YES;
				GCC_WARN_UNUSED_VARIABLE = YES;
				IPHONEOS_DEPLOYMENT_TARGET = 8.3;
				MTL_ENABLE_DEBUG_INFO = YES;
				ONLY_ACTIVE_ARCH = YES;
				SDKROOT = iphoneos;
				TARGETED_DEVICE_FAMILY = "1,2";
			};
			name = Debug;
		};
		4F9AA9621ADC34E5004438EC /* Release */ = {
			isa = XCBuildConfiguration;
			buildSettings = {
				ALWAYS_SEARCH_USER_PATHS = NO;
				CLANG_CXX_LANGUAGE_STANDARD = "gnu++0x";
				CLANG_CXX_LIBRARY = "libc++";
				CLANG_ENABLE_MODULES = YES;
				CLANG_ENABLE_OBJC_ARC = YES;
				CLANG_WARN_BOOL_CONVERSION = YES;
				CLANG_WARN_CONSTANT_CONVERSION = YES;
				CLANG_WARN_DIRECT_OBJC_ISA_USAGE = YES_ERROR;
				CLANG_WARN_EMPTY_BODY = YES;
				CLANG_WARN_ENUM_CONVERSION = YES;
				CLANG_WARN_INT_CONVERSION = YES;
				CLANG_WARN_OBJC_ROOT_CLASS = YES_ERROR;
				CLANG_WARN_UNREACHABLE_CODE = YES;
				CLANG_WARN__DUPLICATE_METHOD_MATCH = YES;
				"CODE_SIGN_IDENTITY[sdk=iphoneos*]" = "iPhone Developer";
				COPY_PHASE_STRIP = NO;
				DEBUG_INFORMATION_FORMAT = "dwarf-with-dsym";
				ENABLE_NS_ASSERTIONS = NO;
				ENABLE_STRICT_OBJC_MSGSEND = YES;
				GCC_C_LANGUAGE_STANDARD = gnu99;
				GCC_NO_COMMON_BLOCKS = YES;
				GCC_WARN_64_TO_32_BIT_CONVERSION = YES;
				GCC_WARN_ABOUT_RETURN_TYPE = YES_ERROR;
				GCC_WARN_UNDECLARED_SELECTOR = YES;
				GCC_WARN_UNINITIALIZED_AUTOS = YES_AGGRESSIVE;
				GCC_WARN_UNUSED_FUNCTION = YES;
				GCC_WARN_UNUSED_VARIABLE = YES;
				IPHONEOS_DEPLOYMENT_TARGET = 8.3;
				MTL_ENABLE_DEBUG_INFO = NO;
				SDKROOT = iphoneos;
				TARGETED_DEVICE_FAMILY = "1,2";
				VALIDATE_PRODUCT = YES;
			};
			name = Release;
		};
		4F9AA9641ADC34E5004438EC /* Debug */ = {
			isa = XCBuildConfiguration;
			baseConfigurationReference = 3D759B72157F0A8DC038497C /* Pods.debug.xcconfig */;
			buildSettings = {
				ASSETCATALOG_COMPILER_APPICON_NAME = AppIcon;
				INFOPLIST_FILE = AppContainer/Info.plist;
				LD_RUNPATH_SEARCH_PATHS = "$(inherited) @executable_path/Frameworks";
				PRODUCT_NAME = "$(TARGET_NAME)";
			};
			name = Debug;
		};
		4F9AA9651ADC34E5004438EC /* Release */ = {
			isa = XCBuildConfiguration;
			baseConfigurationReference = 29E4659092B82FDF263E6621 /* Pods.release.xcconfig */;
			buildSettings = {
				ASSETCATALOG_COMPILER_APPICON_NAME = AppIcon;
				INFOPLIST_FILE = AppContainer/Info.plist;
				LD_RUNPATH_SEARCH_PATHS = "$(inherited) @executable_path/Frameworks";
				PRODUCT_NAME = "$(TARGET_NAME)";
			};
			name = Release;
		};
		4F9AA9671ADC34E5004438EC /* Debug */ = {
			isa = XCBuildConfiguration;
			buildSettings = {
				BUNDLE_LOADER = "$(TEST_HOST)";
				FRAMEWORK_SEARCH_PATHS = (
					"$(SDKROOT)/Developer/Library/Frameworks",
					"$(inherited)",
				);
				GCC_PREPROCESSOR_DEFINITIONS = (
					"DEBUG=1",
					"$(inherited)",
				);
				INFOPLIST_FILE = AppContainerTests/Info.plist;
				LD_RUNPATH_SEARCH_PATHS = "$(inherited) @executable_path/Frameworks @loader_path/Frameworks";
				PRODUCT_NAME = "$(TARGET_NAME)";
				TEST_HOST = "$(BUILT_PRODUCTS_DIR)/AppContainer.app/AppContainer";
			};
			name = Debug;
		};
		4F9AA9681ADC34E5004438EC /* Release */ = {
			isa = XCBuildConfiguration;
			buildSettings = {
				BUNDLE_LOADER = "$(TEST_HOST)";
				FRAMEWORK_SEARCH_PATHS = (
					"$(SDKROOT)/Developer/Library/Frameworks",
					"$(inherited)",
				);
				INFOPLIST_FILE = AppContainerTests/Info.plist;
				LD_RUNPATH_SEARCH_PATHS = "$(inherited) @executable_path/Frameworks @loader_path/Frameworks";
				PRODUCT_NAME = "$(TARGET_NAME)";
				TEST_HOST = "$(BUILT_PRODUCTS_DIR)/AppContainer.app/AppContainer";
			};
			name = Release;
		};
/* End XCBuildConfiguration section */

/* Begin XCConfigurationList section */
		4F9AA93B1ADC34E5004438EC /* Build configuration list for PBXProject "AppContainer" */ = {
			isa = XCConfigurationList;
			buildConfigurations = (
				4F9AA9611ADC34E5004438EC /* Debug */,
				4F9AA9621ADC34E5004438EC /* Release */,
			);
			defaultConfigurationIsVisible = 0;
			defaultConfigurationName = Release;
		};
		4F9AA9631ADC34E5004438EC /* Build configuration list for PBXNativeTarget "AppContainer" */ = {
			isa = XCConfigurationList;
			buildConfigurations = (
				4F9AA9641ADC34E5004438EC /* Debug */,
				4F9AA9651ADC34E5004438EC /* Release */,
			);
			defaultConfigurationIsVisible = 0;
			defaultConfigurationName = Release;
		};
		4F9AA9661ADC34E5004438EC /* Build configuration list for PBXNativeTarget "AppContainerTests" */ = {
			isa = XCConfigurationList;
			buildConfigurations = (
				4F9AA9671ADC34E5004438EC /* Debug */,
				4F9AA9681ADC34E5004438EC /* Release */,
			);
			defaultConfigurationIsVisible = 0;
			defaultConfigurationName = Release;
		};
/* End XCConfigurationList section */
	};
	rootObject = 4F9AA9381ADC34E5004438EC /* Project object */;
}
